version: v0.0.3
workflows:
  .github/workflows/ci.yml:
    - example/composite-action@v1
dependencies:
  example/composite-action@v1:
    ref: v1
    commit: sha1-4444444444444444444444444444444444444444
    owner_id: 10
    repo_id: 20
    uses:
      - tj-actions/changed-files@v45
  tj-actions/changed-files@v45:
    ref: v45
    commit: sha1-0e58ed867288e6711d10da9293b8db84f3f3ed85
    owner_id: 30
    repo_id: 40
